
Microsoft Visual Studio Solution File, Format Version 12.00
# Visual Studio Version 17
VisualStudioVersion = 17.4.33213.308
MinimumVisualStudioVersion = 10.0.40219.1
Project("{FAE04EC0-301F-11D3-BF4B-00C04F79EFBC}") = "ConsoleApp61", "ConsoleApp61\ConsoleApp61.csproj", "{3362F32A-EDC5-4752-B45F-AB58E1E97ED6}"
EndProject
Global
	GlobalSection(SolutionConfigurationPlatforms) = preSolution
		Debug|Any CPU = Debug|Any CPU
		Release|Any CPU = Release|Any CPU
	EndGlobalSection
	GlobalSection(ProjectConfigurationPlatforms) = postSolution
		{3362F32A-EDC5-4752-B45F-AB58E1E97ED6}.Debug|Any CPU.ActiveCfg = Debug|Any CPU
		{3362F32A-EDC5-4752-B45F-AB58E1E97ED6}.Debug|Any CPU.Build.0 = Debug|Any CPU
		{3362F32A-EDC5-4752-B45F-AB58E1E97ED6}.Release|Any CPU.ActiveCfg = Release|Any CPU
		{3362F32A-EDC5-4752-B45F-AB58E1E97ED6}.Release|Any CPU.Build.0 = Release|Any CPU
	EndGlobalSection
	GlobalSection(SolutionProperties) = preSolution
		HideSolutionNode = FALSE
	EndGlobalSection
	GlobalSection(ExtensibilityGlobals) = postSolution
		SolutionGuid = {50731F09-6B4B-4A25-ADD0-42FC4F52D22E}
	EndGlobalSection
EndGlobal
